<?xml version="1.0" encoding="utf-8"?>
<Project ToolsVersion="4.0" xmlns="http://schemas.microsoft.com/developer/msbuild/2003">
  <ItemGroup>
    <Filter Include="include">
      <UniqueIdentifier>{b02fbb46-527e-41be-9a4a-4474ab02dfcc}</UniqueIdentifier>
    </Filter>
    <Filter Include="source">
      <UniqueIdentifier>{7b7f0427-cc2a-45b6-9859-17cf8326a4b0}</UniqueIdentifier>
    </Filter>
  </ItemGroup>
  <ItemGroup>
    <ClInclude Include="..\..\include\mupdf\helpers\pkcs7-check.h">
      <Filter>include</Filter>
    </ClInclude>
    <ClInclude Include="..\..\include\mupdf\helpers\pkcs7-openssl.h">
      <Filter>include</Filter>
    </ClInclude>
  </ItemGroup>
  <ItemGroup>
    <ClCompile Include="..\..\source\helpers\pkcs7\pkcs7-check.c">
      <Filter>source</Filter>
    </ClCompile>
    <ClCompile Include="..\..\source\helpers\pkcs7\pkcs7-openssl.c">
      <Filter>source</Filter>
    </ClCompile>
  </ItemGroup>
</Project>